
Microsoft Visual Studio Solution File, Format Version 12.00
# Visual Studio 14
VisualStudioVersion = 14.0.25420.1
MinimumVisualStudioVersion = 10.0.40219.1
Project("{FAE04EC0-301F-11D3-BF4B-00C04F79EFBC}") = "CardViewExample.Android", "CardViewExample\CardViewExample.Android\CardViewExample.Android.csproj", "{5B121DF1-A2F2-4D05-83AD-A509EBBCA085}"
EndProject
Project("{FAE04EC0-301F-11D3-BF4B-00C04F79EFBC}") = "CardViewExample", "CardViewExample\CardViewExample\CardViewExample.csproj", "{DC3CD01F-D64C-4378-9158-8384CD15E5DD}"
EndProject
Project("{FAE04EC0-301F-11D3-BF4B-00C04F79EFBC}") = "CardViewExample.UWP", "CardViewExample\CardViewExample.UWP\CardViewExample.UWP.csproj", "{64D25CA2-CE40-4437-A5D2-9B9642219D36}"
EndProject
Project("{FAE04EC0-301F-11D3-BF4B-00C04F79EFBC}") = "CardViewExample.iOS", "CardViewExample\CardViewExample.iOS\CardViewExample.iOS.csproj", "{54E7EF6B-59C6-4AA8-A8D1-8EB81F78F074}"
EndProject
Global
	GlobalSection(SolutionConfigurationPlatforms) = preSolution
		Ad-Hoc|Any CPU = Ad-Hoc|Any CPU
		Ad-Hoc|ARM = Ad-Hoc|ARM
		Ad-Hoc|iPhone = Ad-Hoc|iPhone
		Ad-Hoc|iPhoneSimulator = Ad-Hoc|iPhoneSimulator
		Ad-Hoc|x64 = Ad-Hoc|x64
		Ad-Hoc|x86 = Ad-Hoc|x86
		AppStore|Any CPU = AppStore|Any CPU
		AppStore|ARM = AppStore|ARM
		AppStore|iPhone = AppStore|iPhone
		AppStore|iPhoneSimulator = AppStore|iPhoneSimulator
		AppStore|x64 = AppStore|x64
		AppStore|x86 = AppStore|x86
		Debug|Any CPU = Debug|Any CPU
		Debug|ARM = Debug|ARM
		Debug|iPhone = Debug|iPhone
		Debug|iPhoneSimulator = Debug|iPhoneSimulator
		Debug|x64 = Debug|x64
		Debug|x86 = Debug|x86
		Release|Any CPU = Release|Any CPU
		Release|ARM = Release|ARM
		Release|iPhone = Release|iPhone
		Release|iPhoneSimulator = Release|iPhoneSimulator
		Release|x64 = Release|x64
		Release|x86 = Release|x86
	EndGlobalSection
	GlobalSection(ProjectConfigurationPlatforms) = postSolution
		{5B121DF1-A2F2-4D05-83AD-A509EBBCA085}.Ad-Hoc|Any CPU.ActiveCfg = Release|Any CPU
		{5B121DF1-A2F2-4D05-83AD-A509EBBCA085}.Ad-Hoc|Any CPU.Build.0 = Release|Any CPU
		{5B121DF1-A2F2-4D05-83AD-A509EBBCA085}.Ad-Hoc|Any CPU.Deploy.0 = Release|Any CPU
		{5B121DF1-A2F2-4D05-83AD-A509EBBCA085}.Ad-Hoc|ARM.ActiveCfg = Release|Any CPU
		{5B121DF1-A2F2-4D05-83AD-A509EBBCA085}.Ad-Hoc|ARM.Build.0 = Release|Any CPU
		{5B121DF1-A2F2-4D05-83AD-A509EBBCA085}.Ad-Hoc|ARM.Deploy.0 = Release|Any CPU
		{5B121DF1-A2F2-4D05-83AD-A509EBBCA085}.Ad-Hoc|iPhone.ActiveCfg = Release|Any CPU
		{5B121DF1-A2F2-4D05-83AD-A509EBBCA085}.Ad-Hoc|iPhone.Build.0 = Release|Any CPU
		{5B121DF1-A2F2-4D05-83AD-A509EBBCA085}.Ad-Hoc|iPhone.Deploy.0 = Release|Any CPU
		{5B121DF1-A2F2-4D05-83AD-A509EBBCA085}.Ad-Hoc|iPhoneSimulator.ActiveCfg = Release|Any CPU
		{5B121DF1-A2F2-4D05-83AD-A509EBBCA085}.Ad-Hoc|iPhoneSimulator.Build.0 = Release|Any CPU
		{5B121DF1-A2F2-4D05-83AD-A509EBBCA085}.Ad-Hoc|iPhoneSimulator.Deploy.0 = Release|Any CPU
		{5B121DF1-A2F2-4D05-83AD-A509EBBCA085}.Ad-Hoc|x64.ActiveCfg = Release|Any CPU
		{5B121DF1-A2F2-4D05-83AD-A509EBBCA085}.Ad-Hoc|x64.Build.0 = Release|Any CPU
		{5B121DF1-A2F2-4D05-83AD-A509EBBCA085}.Ad-Hoc|x64.Deploy.0 = Release|Any CPU
		{5B121DF1-A2F2-4D05-83AD-A509EBBCA085}.Ad-Hoc|x86.ActiveCfg = Release|Any CPU
		{5B121DF1-A2F2-4D05-83AD-A509EBBCA085}.Ad-Hoc|x86.Build.0 = Release|Any CPU
		{5B121DF1-A2F2-4D05-83AD-A509EBBCA085}.Ad-Hoc|x86.Deploy.0 = Release|Any CPU
		{5B121DF1-A2F2-4D05-83AD-A509EBBCA085}.AppStore|Any CPU.ActiveCfg = Release|Any CPU
		{5B121DF1-A2F2-4D05-83AD-A509EBBCA085}.AppStore|Any CPU.Build.0 = Release|Any CPU
		{5B121DF1-A2F2-4D05-83AD-A509EBBCA085}.AppStore|Any CPU.Deploy.0 = Release|Any CPU
		{5B121DF1-A2F2-4D05-83AD-A509EBBCA085}.AppStore|ARM.ActiveCfg = Release|Any CPU
		{5B121DF1-A2F2-4D05-83AD-A509EBBCA085}.AppStore|ARM.Build.0 = Release|Any CPU
		{5B121DF1-A2F2-4D05-83AD-A509EBBCA085}.AppStore|ARM.Deploy.0 = Release|Any CPU
		{5B121DF1-A2F2-4D05-83AD-A509EBBCA085}.AppStore|iPhone.ActiveCfg = Release|Any CPU
		{5B121DF1-A2F2-4D05-83AD-A509EBBCA085}.AppStore|iPhone.Build.0 = Release|Any CPU
		{5B121DF1-A2F2-4D05-83AD-A509EBBCA085}.AppStore|iPhone.Deploy.0 = Release|Any CPU
		{5B121DF1-A2F2-4D05-83AD-A509EBBCA085}.AppStore|iPhoneSimulator.ActiveCfg = Release|Any CPU
		{5B121DF1-A2F2-4D05-83AD-A509EBBCA085}.AppStore|iPhoneSimulator.Build.0 = Release|Any CPU
		{5B121DF1-A2F2-4D05-83AD-A509EBBCA085}.AppStore|iPhoneSimulator.Deploy.0 = Release|Any CPU
		{5B121DF1-A2F2-4D05-83AD-A509EBBCA085}.AppStore|x64.ActiveCfg = Release|Any CPU
		{5B121DF1-A2F2-4D05-83AD-A509EBBCA085}.AppStore|x64.Build.0 = Release|Any CPU
		{5B121DF1-A2F2-4D05-83AD-A509EBBCA085}.AppStore|x64.Deploy.0 = Release|Any CPU
		{5B121DF1-A2F2-4D05-83AD-A509EBBCA085}.AppStore|x86.ActiveCfg = Release|Any CPU
		{5B121DF1-A2F2-4D05-83AD-A509EBBCA085}.AppStore|x86.Build.0 = Release|Any CPU
		{5B121DF1-A2F2-4D05-83AD-A509EBBCA085}.AppStore|x86.Deploy.0 = Release|Any CPU
		{5B121DF1-A2F2-4D05-83AD-A509EBBCA085}.Debug|Any CPU.ActiveCfg = Debug|Any CPU
		{5B121DF1-A2F2-4D05-83AD-A509EBBCA085}.Debug|Any CPU.Build.0 = Debug|Any CPU
		{5B121DF1-A2F2-4D05-83AD-A509EBBCA085}.Debug|Any CPU.Deploy.0 = Debug|Any CPU
		{5B121DF1-A2F2-4D05-83AD-A509EBBCA085}.Debug|ARM.ActiveCfg = Debug|Any CPU
		{5B121DF1-A2F2-4D05-83AD-A509EBBCA085}.Debug|ARM.Build.0 = Debug|Any CPU
		{5B121DF1-A2F2-4D05-83AD-A509EBBCA085}.Debug|ARM.Deploy.0 = Debug|Any CPU
		{5B121DF1-A2F2-4D05-83AD-A509EBBCA085}.Debug|iPhone.ActiveCfg = Debug|Any CPU
		{5B121DF1-A2F2-4D05-83AD-A509EBBCA085}.Debug|iPhone.Build.0 = Debug|Any CPU
		{5B121DF1-A2F2-4D05-83AD-A509EBBCA085}.Debug|iPhone.Deploy.0 = Debug|Any CPU
		{5B121DF1-A2F2-4D05-83AD-A509EBBCA085}.Debug|iPhoneSimulator.ActiveCfg = Debug|Any CPU
		{5B121DF1-A2F2-4D05-83AD-A509EBBCA085}.Debug|iPhoneSimulator.Build.0 = Debug|Any CPU
		{5B121DF1-A2F2-4D05-83AD-A509EBBCA085}.Debug|iPhoneSimulator.Deploy.0 = Debug|Any CPU
		{5B121DF1-A2F2-4D05-83AD-A509EBBCA085}.Debug|x64.ActiveCfg = Debug|Any CPU
		{5B121DF1-A2F2-4D05-83AD-A509EBBCA085}.Debug|x64.Build.0 = Debug|Any CPU
		{5B121DF1-A2F2-4D05-83AD-A509EBBCA085}.Debug|x64.Deploy.0 = Debug|Any CPU
		{5B121DF1-A2F2-4D05-83AD-A509EBBCA085}.Debug|x86.ActiveCfg = Debug|Any CPU
		{5B121DF1-A2F2-4D05-83AD-A509EBBCA085}.Debug|x86.Build.0 = Debug|Any CPU
		{5B121DF1-A2F2-4D05-83AD-A509EBBCA085}.Debug|x86.Deploy.0 = Debug|Any CPU
		{5B121DF1-A2F2-4D05-83AD-A509EBBCA085}.Release|Any CPU.ActiveCfg = Release|Any CPU
		{5B121DF1-A2F2-4D05-83AD-A509EBBCA085}.Release|Any CPU.Build.0 = Release|Any CPU
		{5B121DF1-A2F2-4D05-83AD-A509EBBCA085}.Release|Any CPU.Deploy.0 = Release|Any CPU
		{5B121DF1-A2F2-4D05-83AD-A509EBBCA085}.Release|ARM.ActiveCfg = Release|Any CPU
		{5B121DF1-A2F2-4D05-83AD-A509EBBCA085}.Release|ARM.Build.0 = Release|Any CPU
		{5B121DF1-A2F2-4D05-83AD-A509EBBCA085}.Release|ARM.Deploy.0 = Release|Any CPU
		{5B121DF1-A2F2-4D05-83AD-A509EBBCA085}.Release|iPhone.ActiveCfg = Release|Any CPU
		{5B121DF1-A2F2-4D05-83AD-A509EBBCA085}.Release|iPhone.Build.0 = Release|Any CPU
		{5B121DF1-A2F2-4D05-83AD-A509EBBCA085}.Release|iPhone.Deploy.0 = Release|Any CPU
		{5B121DF1-A2F2-4D05-83AD-A509EBBCA085}.Release|iPhoneSimulator.ActiveCfg = Release|Any CPU
		{5B121DF1-A2F2-4D05-83AD-A509EBBCA085}.Release|iPhoneSimulator.Build.0 = Release|Any CPU
		{5B121DF1-A2F2-4D05-83AD-A509EBBCA085}.Release|iPhoneSimulator.Deploy.0 = Release|Any CPU
		{5B121DF1-A2F2-4D05-83AD-A509EBBCA085}.Release|x64.ActiveCfg = Release|Any CPU
		{5B121DF1-A2F2-4D05-83AD-A509EBBCA085}.Release|x64.Build.0 = Release|Any CPU
		{5B121DF1-A2F2-4D05-83AD-A509EBBCA085}.Release|x64.Deploy.0 = Release|Any CPU
		{5B121DF1-A2F2-4D05-83AD-A509EBBCA085}.Release|x86.ActiveCfg = Release|Any CPU
		{5B121DF1-A2F2-4D05-83AD-A509EBBCA085}.Release|x86.Build.0 = Release|Any CPU
		{5B121DF1-A2F2-4D05-83AD-A509EBBCA085}.Release|x86.Deploy.0 = Release|Any CPU
		{DC3CD01F-D64C-4378-9158-8384CD15E5DD}.Ad-Hoc|Any CPU.ActiveCfg = Release|Any CPU
		{DC3CD01F-D64C-4378-9158-8384CD15E5DD}.Ad-Hoc|Any CPU.Build.0 = Release|Any CPU
		{DC3CD01F-D64C-4378-9158-8384CD15E5DD}.Ad-Hoc|ARM.ActiveCfg = Release|Any CPU
		{DC3CD01F-D64C-4378-9158-8384CD15E5DD}.Ad-Hoc|ARM.Build.0 = Release|Any CPU
		{DC3CD01F-D64C-4378-9158-8384CD15E5DD}.Ad-Hoc|iPhone.ActiveCfg = Release|Any CPU
		{DC3CD01F-D64C-4378-9158-8384CD15E5DD}.Ad-Hoc|iPhone.Build.0 = Release|Any CPU
		{DC3CD01F-D64C-4378-9158-8384CD15E5DD}.Ad-Hoc|iPhoneSimulator.ActiveCfg = Release|Any CPU
		{DC3CD01F-D64C-4378-9158-8384CD15E5DD}.Ad-Hoc|iPhoneSimulator.Build.0 = Release|Any CPU
		{DC3CD01F-D64C-4378-9158-8384CD15E5DD}.Ad-Hoc|x64.ActiveCfg = Release|Any CPU
		{DC3CD01F-D64C-4378-9158-8384CD15E5DD}.Ad-Hoc|x64.Build.0 = Release|Any CPU
		{DC3CD01F-D64C-4378-9158-8384CD15E5DD}.Ad-Hoc|x86.ActiveCfg = Release|Any CPU
		{DC3CD01F-D64C-4378-9158-8384CD15E5DD}.Ad-Hoc|x86.Build.0 = Release|Any CPU
		{DC3CD01F-D64C-4378-9158-8384CD15E5DD}.AppStore|Any CPU.ActiveCfg = Release|Any CPU
		{DC3CD01F-D64C-4378-9158-8384CD15E5DD}.AppStore|Any CPU.Build.0 = Release|Any CPU
		{DC3CD01F-D64C-4378-9158-8384CD15E5DD}.AppStore|ARM.ActiveCfg = Release|Any CPU
		{DC3CD01F-D64C-4378-9158-8384CD15E5DD}.AppStore|ARM.Build.0 = Release|Any CPU
		{DC3CD01F-D64C-4378-9158-8384CD15E5DD}.AppStore|iPhone.ActiveCfg = Release|Any CPU
		{DC3CD01F-D64C-4378-9158-8384CD15E5DD}.AppStore|iPhone.Build.0 = Release|Any CPU
		{DC3CD01F-D64C-4378-9158-8384CD15E5DD}.AppStore|iPhoneSimulator.ActiveCfg = Release|Any CPU
		{DC3CD01F-D64C-4378-9158-8384CD15E5DD}.AppStore|iPhoneSimulator.Build.0 = Release|Any CPU
		{DC3CD01F-D64C-4378-9158-8384CD15E5DD}.AppStore|x64.ActiveCfg = Release|Any CPU
		{DC3CD01F-D64C-4378-9158-8384CD15E5DD}.AppStore|x64.Build.0 = Release|Any CPU
		{DC3CD01F-D64C-4378-9158-8384CD15E5DD}.AppStore|x86.ActiveCfg = Release|Any CPU
		{DC3CD01F-D64C-4378-9158-8384CD15E5DD}.AppStore|x86.Build.0 = Release|Any CPU
		{DC3CD01F-D64C-4378-9158-8384CD15E5DD}.Debug|Any CPU.ActiveCfg = Debug|Any CPU
		{DC3CD01F-D64C-4378-9158-8384CD15E5DD}.Debug|Any CPU.Build.0 = Debug|Any CPU
		{DC3CD01F-D64C-4378-9158-8384CD15E5DD}.Debug|ARM.ActiveCfg = Debug|Any CPU
		{DC3CD01F-D64C-4378-9158-8384CD15E5DD}.Debug|ARM.Build.0 = Debug|Any CPU
		{DC3CD01F-D64C-4378-9158-8384CD15E5DD}.Debug|iPhone.ActiveCfg = Debug|Any CPU
		{DC3CD01F-D64C-4378-9158-8384CD15E5DD}.Debug|iPhone.Build.0 = Debug|Any CPU
		{DC3CD01F-D64C-4378-9158-8384CD15E5DD}.Debug|iPhoneSimulator.ActiveCfg = Debug|Any CPU
		{DC3CD01F-D64C-4378-9158-8384CD15E5DD}.Debug|iPhoneSimulator.Build.0 = Debug|Any CPU
		{DC3CD01F-D64C-4378-9158-8384CD15E5DD}.Debug|x64.ActiveCfg = Debug|Any CPU
		{DC3CD01F-D64C-4378-9158-8384CD15E5DD}.Debug|x64.Build.0 = Debug|Any CPU
		{DC3CD01F-D64C-4378-9158-8384CD15E5DD}.Debug|x86.ActiveCfg = Debug|Any CPU
		{DC3CD01F-D64C-4378-9158-8384CD15E5DD}.Debug|x86.Build.0 = Debug|Any CPU
		{DC3CD01F-D64C-4378-9158-8384CD15E5DD}.Release|Any CPU.ActiveCfg = Release|Any CPU
		{DC3CD01F-D64C-4378-9158-8384CD15E5DD}.Release|Any CPU.Build.0 = Release|Any CPU
		{DC3CD01F-D64C-4378-9158-8384CD15E5DD}.Release|ARM.ActiveCfg = Release|Any CPU
		{DC3CD01F-D64C-4378-9158-8384CD15E5DD}.Release|ARM.Build.0 = Release|Any CPU
		{DC3CD01F-D64C-4378-9158-8384CD15E5DD}.Release|iPhone.ActiveCfg = Release|Any CPU
		{DC3CD01F-D64C-4378-9158-8384CD15E5DD}.Release|iPhone.Build.0 = Release|Any CPU
		{DC3CD01F-D64C-4378-9158-8384CD15E5DD}.Release|iPhoneSimulator.ActiveCfg = Release|Any CPU
		{DC3CD01F-D64C-4378-9158-8384CD15E5DD}.Release|iPhoneSimulator.Build.0 = Release|Any CPU
		{DC3CD01F-D64C-4378-9158-8384CD15E5DD}.Release|x64.ActiveCfg = Release|Any CPU
		{DC3CD01F-D64C-4378-9158-8384CD15E5DD}.Release|x64.Build.0 = Release|Any CPU
		{DC3CD01F-D64C-4378-9158-8384CD15E5DD}.Release|x86.ActiveCfg = Release|Any CPU
		{DC3CD01F-D64C-4378-9158-8384CD15E5DD}.Release|x86.Build.0 = Release|Any CPU
		{64D25CA2-CE40-4437-A5D2-9B9642219D36}.Ad-Hoc|Any CPU.ActiveCfg = Release|x86
		{64D25CA2-CE40-4437-A5D2-9B9642219D36}.Ad-Hoc|Any CPU.Build.0 = Release|x86
		{64D25CA2-CE40-4437-A5D2-9B9642219D36}.Ad-Hoc|Any CPU.Deploy.0 = Release|x86
		{64D25CA2-CE40-4437-A5D2-9B9642219D36}.Ad-Hoc|ARM.ActiveCfg = Release|ARM
		{64D25CA2-CE40-4437-A5D2-9B9642219D36}.Ad-Hoc|ARM.Build.0 = Release|ARM
		{64D25CA2-CE40-4437-A5D2-9B9642219D36}.Ad-Hoc|ARM.Deploy.0 = Release|ARM
		{64D25CA2-CE40-4437-A5D2-9B9642219D36}.Ad-Hoc|iPhone.ActiveCfg = Release|x86
		{64D25CA2-CE40-4437-A5D2-9B9642219D36}.Ad-Hoc|iPhone.Build.0 = Release|x86
		{64D25CA2-CE40-4437-A5D2-9B9642219D36}.Ad-Hoc|iPhone.Deploy.0 = Release|x86
		{64D25CA2-CE40-4437-A5D2-9B9642219D36}.Ad-Hoc|iPhoneSimulator.ActiveCfg = Release|x86
		{64D25CA2-CE40-4437-A5D2-9B9642219D36}.Ad-Hoc|iPhoneSimulator.Build.0 = Release|x86
		{64D25CA2-CE40-4437-A5D2-9B9642219D36}.Ad-Hoc|iPhoneSimulator.Deploy.0 = Release|x86
		{64D25CA2-CE40-4437-A5D2-9B9642219D36}.Ad-Hoc|x64.ActiveCfg = Release|x64
		{64D25CA2-CE40-4437-A5D2-9B9642219D36}.Ad-Hoc|x64.Build.0 = Release|x64
		{64D25CA2-CE40-4437-A5D2-9B9642219D36}.Ad-Hoc|x64.Deploy.0 = Release|x64
		{64D25CA2-CE40-4437-A5D2-9B9642219D36}.Ad-Hoc|x86.ActiveCfg = Release|x86
		{64D25CA2-CE40-4437-A5D2-9B9642219D36}.Ad-Hoc|x86.Build.0 = Release|x86
		{64D25CA2-CE40-4437-A5D2-9B9642219D36}.Ad-Hoc|x86.Deploy.0 = Release|x86
		{64D25CA2-CE40-4437-A5D2-9B9642219D36}.AppStore|Any CPU.ActiveCfg = Release|x86
		{64D25CA2-CE40-4437-A5D2-9B9642219D36}.AppStore|Any CPU.Build.0 = Release|x86
		{64D25CA2-CE40-4437-A5D2-9B9642219D36}.AppStore|Any CPU.Deploy.0 = Release|x86
		{64D25CA2-CE40-4437-A5D2-9B9642219D36}.AppStore|ARM.ActiveCfg = Release|ARM
		{64D25CA2-CE40-4437-A5D2-9B9642219D36}.AppStore|ARM.Build.0 = Release|ARM
		{64D25CA2-CE40-4437-A5D2-9B9642219D36}.AppStore|ARM.Deploy.0 = Release|ARM
		{64D25CA2-CE40-4437-A5D2-9B9642219D36}.AppStore|iPhone.ActiveCfg = Release|x86
		{64D25CA2-CE40-4437-A5D2-9B9642219D36}.AppStore|iPhone.Build.0 = Release|x86
		{64D25CA2-CE40-4437-A5D2-9B9642219D36}.AppStore|iPhone.Deploy.0 = Release|x86
		{64D25CA2-CE40-4437-A5D2-9B9642219D36}.AppStore|iPhoneSimulator.ActiveCfg = Release|x86
		{64D25CA2-CE40-4437-A5D2-9B9642219D36}.AppStore|iPhoneSimulator.Build.0 = Release|x86
		{64D25CA2-CE40-4437-A5D2-9B9642219D36}.AppStore|iPhoneSimulator.Deploy.0 = Release|x86
		{64D25CA2-CE40-4437-A5D2-9B9642219D36}.AppStore|x64.ActiveCfg = Release|x64
		{64D25CA2-CE40-4437-A5D2-9B9642219D36}.AppStore|x64.Build.0 = Release|x64
		{64D25CA2-CE40-4437-A5D2-9B9642219D36}.AppStore|x64.Deploy.0 = Release|x64
		{64D25CA2-CE40-4437-A5D2-9B9642219D36}.AppStore|x86.ActiveCfg = Release|x86
		{64D25CA2-CE40-4437-A5D2-9B9642219D36}.AppStore|x86.Build.0 = Release|x86
		{64D25CA2-CE40-4437-A5D2-9B9642219D36}.AppStore|x86.Deploy.0 = Release|x86
		{64D25CA2-CE40-4437-A5D2-9B9642219D36}.Debug|Any CPU.ActiveCfg = Debug|x86
		{64D25CA2-CE40-4437-A5D2-9B9642219D36}.Debug|ARM.ActiveCfg = Debug|ARM
		{64D25CA2-CE40-4437-A5D2-9B9642219D36}.Debug|ARM.Build.0 = Debug|ARM
		{64D25CA2-CE40-4437-A5D2-9B9642219D36}.Debug|ARM.Deploy.0 = Debug|ARM
		{64D25CA2-CE40-4437-A5D2-9B9642219D36}.Debug|iPhone.ActiveCfg = Debug|x86
		{64D25CA2-CE40-4437-A5D2-9B9642219D36}.Debug|iPhoneSimulator.ActiveCfg = Debug|x86
		{64D25CA2-CE40-4437-A5D2-9B9642219D36}.Debug|x64.ActiveCfg = Debug|x64
		{64D25CA2-CE40-4437-A5D2-9B9642219D36}.Debug|x64.Build.0 = Debug|x64
		{64D25CA2-CE40-4437-A5D2-9B9642219D36}.Debug|x64.Deploy.0 = Debug|x64
		{64D25CA2-CE40-4437-A5D2-9B9642219D36}.Debug|x86.ActiveCfg = Debug|x86
		{64D25CA2-CE40-4437-A5D2-9B9642219D36}.Debug|x86.Build.0 = Debug|x86
		{64D25CA2-CE40-4437-A5D2-9B9642219D36}.Debug|x86.Deploy.0 = Debug|x86
		{64D25CA2-CE40-4437-A5D2-9B9642219D36}.Release|Any CPU.ActiveCfg = Release|x86
		{64D25CA2-CE40-4437-A5D2-9B9642219D36}.Release|ARM.ActiveCfg = Release|ARM
		{64D25CA2-CE40-4437-A5D2-9B9642219D36}.Release|ARM.Build.0 = Release|ARM
		{64D25CA2-CE40-4437-A5D2-9B9642219D36}.Release|ARM.Deploy.0 = Release|ARM
		{64D25CA2-CE40-4437-A5D2-9B9642219D36}.Release|iPhone.ActiveCfg = Release|x86
		{64D25CA2-CE40-4437-A5D2-9B9642219D36}.Release|iPhoneSimulator.ActiveCfg = Release|x86
		{64D25CA2-CE40-4437-A5D2-9B9642219D36}.Release|x64.ActiveCfg = Release|x64
		{64D25CA2-CE40-4437-A5D2-9B9642219D36}.Release|x64.Build.0 = Release|x64
		{64D25CA2-CE40-4437-A5D2-9B9642219D36}.Release|x64.Deploy.0 = Release|x64
		{64D25CA2-CE40-4437-A5D2-9B9642219D36}.Release|x86.ActiveCfg = Release|x86
		{64D25CA2-CE40-4437-A5D2-9B9642219D36}.Release|x86.Build.0 = Release|x86
		{64D25CA2-CE40-4437-A5D2-9B9642219D36}.Release|x86.Deploy.0 = Release|x86
		{54E7EF6B-59C6-4AA8-A8D1-8EB81F78F074}.Ad-Hoc|Any CPU.ActiveCfg = Ad-Hoc|iPhone
		{54E7EF6B-59C6-4AA8-A8D1-8EB81F78F074}.Ad-Hoc|ARM.ActiveCfg = Ad-Hoc|iPhone
		{54E7EF6B-59C6-4AA8-A8D1-8EB81F78F074}.Ad-Hoc|iPhone.ActiveCfg = Ad-Hoc|iPhone
		{54E7EF6B-59C6-4AA8-A8D1-8EB81F78F074}.Ad-Hoc|iPhone.Build.0 = Ad-Hoc|iPhone
		{54E7EF6B-59C6-4AA8-A8D1-8EB81F78F074}.Ad-Hoc|iPhoneSimulator.ActiveCfg = Ad-Hoc|iPhoneSimulator
		{54E7EF6B-59C6-4AA8-A8D1-8EB81F78F074}.Ad-Hoc|iPhoneSimulator.Build.0 = Ad-Hoc|iPhoneSimulator
		{54E7EF6B-59C6-4AA8-A8D1-8EB81F78F074}.Ad-Hoc|x64.ActiveCfg = Ad-Hoc|iPhone
		{54E7EF6B-59C6-4AA8-A8D1-8EB81F78F074}.Ad-Hoc|x86.ActiveCfg = Ad-Hoc|iPhone
		{54E7EF6B-59C6-4AA8-A8D1-8EB81F78F074}.AppStore|Any CPU.ActiveCfg = AppStore|iPhone
		{54E7EF6B-59C6-4AA8-A8D1-8EB81F78F074}.AppStore|ARM.ActiveCfg = AppStore|iPhone
		{54E7EF6B-59C6-4AA8-A8D1-8EB81F78F074}.AppStore|iPhone.ActiveCfg = AppStore|iPhone
		{54E7EF6B-59C6-4AA8-A8D1-8EB81F78F074}.AppStore|iPhone.Build.0 = AppStore|iPhone
		{54E7EF6B-59C6-4AA8-A8D1-8EB81F78F074}.AppStore|iPhoneSimulator.ActiveCfg = AppStore|iPhoneSimulator
		{54E7EF6B-59C6-4AA8-A8D1-8EB81F78F074}.AppStore|iPhoneSimulator.Build.0 = AppStore|iPhoneSimulator
		{54E7EF6B-59C6-4AA8-A8D1-8EB81F78F074}.AppStore|x64.ActiveCfg = AppStore|iPhone
		{54E7EF6B-59C6-4AA8-A8D1-8EB81F78F074}.AppStore|x86.ActiveCfg = AppStore|iPhone
		{54E7EF6B-59C6-4AA8-A8D1-8EB81F78F074}.Debug|Any CPU.ActiveCfg = Debug|iPhone
		{54E7EF6B-59C6-4AA8-A8D1-8EB81F78F074}.Debug|ARM.ActiveCfg = Debug|iPhone
		{54E7EF6B-59C6-4AA8-A8D1-8EB81F78F074}.Debug|iPhone.ActiveCfg = Debug|iPhone
		{54E7EF6B-59C6-4AA8-A8D1-8EB81F78F074}.Debug|iPhone.Build.0 = Debug|iPhone
		{54E7EF6B-59C6-4AA8-A8D1-8EB81F78F074}.Debug|iPhoneSimulator.ActiveCfg = Debug|iPhoneSimulator
		{54E7EF6B-59C6-4AA8-A8D1-8EB81F78F074}.Debug|iPhoneSimulator.Build.0 = Debug|iPhoneSimulator
		{54E7EF6B-59C6-4AA8-A8D1-8EB81F78F074}.Debug|x64.ActiveCfg = Debug|iPhone
		{54E7EF6B-59C6-4AA8-A8D1-8EB81F78F074}.Debug|x86.ActiveCfg = Debug|iPhone
		{54E7EF6B-59C6-4AA8-A8D1-8EB81F78F074}.Release|Any CPU.ActiveCfg = Release|iPhone
		{54E7EF6B-59C6-4AA8-A8D1-8EB81F78F074}.Release|ARM.ActiveCfg = Release|iPhone
		{54E7EF6B-59C6-4AA8-A8D1-8EB81F78F074}.Release|iPhone.ActiveCfg = Release|iPhone
		{54E7EF6B-59C6-4AA8-A8D1-8EB81F78F074}.Release|iPhone.Build.0 = Release|iPhone
		{54E7EF6B-59C6-4AA8-A8D1-8EB81F78F074}.Release|iPhoneSimulator.ActiveCfg = Release|iPhoneSimulator
		{54E7EF6B-59C6-4AA8-A8D1-8EB81F78F074}.Release|iPhoneSimulator.Build.0 = Release|iPhoneSimulator
		{54E7EF6B-59C6-4AA8-A8D1-8EB81F78F074}.Release|x64.ActiveCfg = Release|iPhone
		{54E7EF6B-59C6-4AA8-A8D1-8EB81F78F074}.Release|x86.ActiveCfg = Release|iPhone
	EndGlobalSection
	GlobalSection(SolutionProperties) = preSolution
		HideSolutionNode = FALSE
	EndGlobalSection
EndGlobal
